// !$*UTF8*$!
{
	archiveVersion = 1;
	classes = {
	};
	objectVersion = 50;
	objects = {

/* Begin PBXBuildFile section */
		C478789C25DE98A900648ABF /* UIView+Ext.swift in Sources */ = {isa = PBXBuildFile; fileRef = C478789B25DE98A900648ABF /* UIView+Ext.swift */; };
		C47878AA25DF821400648ABF /* CompanyCell.swift in Sources */ = {isa = PBXBuildFile; fileRef = C47878A925DF821400648ABF /* CompanyCell.swift */; };
		C47878AE25DF860600648ABF /* Company.swift in Sources */ = {isa = PBXBuildFile; fileRef = C47878AD25DF860600648ABF /* Company.swift */; };
		C4BE832F25DE8C0C00180D60 /* ProductCell.swift in Sources */ = {isa = PBXBuildFile; fileRef = C4BE832E25DE8C0C00180D60 /* ProductCell.swift */; };
		C4BE833225DE8C8400180D60 /* Product.swift in Sources */ = {isa = PBXBuildFile; fileRef = C4BE833125DE8C8400180D60 /* Product.swift */; };
		C4F9DDA525DE74630034F998 /* AppDelegate.swift in Sources */ = {isa = PBXBuildFile; fileRef = C4F9DDA425DE74630034F998 /* AppDelegate.swift */; };
		C4F9DDA725DE74630034F998 /* SceneDelegate.swift in Sources */ = {isa = PBXBuildFile; fileRef = C4F9DDA625DE74630034F998 /* SceneDelegate.swift */; };
		C4F9DDAE25DE74640034F998 /* Assets.xcassets in Resources */ = {isa = PBXBuildFile; fileRef = C4F9DDAD25DE74640034F998 /* Assets.xcassets */; };
		C4F9DDB125DE74640034F998 /* LaunchScreen.storyboard in Resources */ = {isa = PBXBuildFile; fileRef = C4F9DDAF25DE74640034F998 /* LaunchScreen.storyboard */; };
		C4F9DDC025DE76B30034F998 /* MainViewController.swift in Sources */ = {isa = PBXBuildFile; fileRef = C4F9DDBF25DE76B30034F998 /* MainViewController.swift */; };
/* End PBXBuildFile section */

/* Begin PBXFileReference section */
		C478789B25DE98A900648ABF /* UIView+Ext.swift */ = {isa = PBXFileReference; lastKnownFileType = sourcecode.swift; path = "UIView+Ext.swift"; sourceTree = "<group>"; };
		C47878A925DF821400648ABF /* CompanyCell.swift */ = {isa = PBXFileReference; lastKnownFileType = sourcecode.swift; path = CompanyCell.swift; sourceTree = "<group>"; };
		C47878AD25DF860600648ABF /* Company.swift */ = {isa = PBXFileReference; lastKnownFileType = sourcecode.swift; path = Company.swift; sourceTree = "<group>"; };
		C4BE832E25DE8C0C00180D60 /* ProductCell.swift */ = {isa = PBXFileReference; lastKnownFileType = sourcecode.swift; path = ProductCell.swift; sourceTree = "<group>"; };
		C4BE833125DE8C8400180D60 /* Product.swift */ = {isa = PBXFileReference; lastKnownFileType = sourcecode.swift; path = Product.swift; sourceTree = "<group>"; };
		C4F9DDA125DE74630034F998 /* CRUD.app */ = {isa = PBXFileReference; explicitFileType = wrapper.application; includeInIndex = 0; path = CRUD.app; sourceTree = BUILT_PRODUCTS_DIR; };
		C4F9DDA425DE74630034F998 /* AppDelegate.swift */ = {isa = PBXFileReference; lastKnownFileType = sourcecode.swift; path = AppDelegate.swift; sourceTree = "<group>"; };
		C4F9DDA625DE74630034F998 /* SceneDelegate.swift */ = {isa = PBXFileReference; lastKnownFileType = sourcecode.swift; path = SceneDelegate.swift; sourceTree = "<group>"; };
		C4F9DDAD25DE74640034F998 /* Assets.xcassets */ = {isa = PBXFileReference; lastKnownFileType = folder.assetcatalog; path = Assets.xcassets; sourceTree = "<group>"; };
		C4F9DDB025DE74640034F998 /* Base */ = {isa = PBXFileReference; lastKnownFileType = file.storyboard; name = Base; path = Base.lproj/LaunchScreen.storyboard; sourceTree = "<group>"; };
		C4F9DDB225DE74640034F998 /* Info.plist */ = {isa = PBXFileReference; lastKnownFileType = text.plist.xml; path = Info.plist; sourceTree = "<group>"; };
		C4F9DDBF25DE76B30034F998 /* MainViewController.swift */ = {isa = PBXFileReference; lastKnownFileType = sourcecode.swift; path = MainViewController.swift; sourceTree = "<group>"; };
/* End PBXFileReference section */

/* Begin PBXFrameworksBuildPhase section */
		C4F9DD9E25DE74630034F998 /* Frameworks */ = {
			isa = PBXFrameworksBuildPhase;
			buildActionMask = 2147483647;
			files = (
			);
			runOnlyForDeploymentPostprocessing = 0;
		};
/* End PBXFrameworksBuildPhase section */

/* Begin PBXGroup section */
		C478789A25DE986200648ABF /* Extensions */ = {
			isa = PBXGroup;
			children = (
				C478789B25DE98A900648ABF /* UIView+Ext.swift */,
			);
			path = Extensions;
			sourceTree = "<group>";
		};
		C47878A825DF81CC00648ABF /* CollectionViewCell */ = {
			isa = PBXGroup;
			children = (
				C47878A925DF821400648ABF /* CompanyCell.swift */,
			);
			path = CollectionViewCell;
			sourceTree = "<group>";
		};
		C4BE832D25DE8BD800180D60 /* TableViewCell */ = {
			isa = PBXGroup;
			children = (
				C4BE832E25DE8C0C00180D60 /* ProductCell.swift */,
			);
			path = TableViewCell;
			sourceTree = "<group>";
		};
		C4F9DD9825DE74630034F998 = {
			isa = PBXGroup;
			children = (
				C4F9DDA325DE74630034F998 /* CRUD */,
				C4F9DDA225DE74630034F998 /* Products */,
			);
			sourceTree = "<group>";
		};
		C4F9DDA225DE74630034F998 /* Products */ = {
			isa = PBXGroup;
			children = (
				C4F9DDA125DE74630034F998 /* CRUD.app */,
			);
			name = Products;
			sourceTree = "<group>";
		};
		C4F9DDA325DE74630034F998 /* CRUD */ = {
			isa = PBXGroup;
			children = (
				C4F9DDA425DE74630034F998 /* AppDelegate.swift */,
				C4F9DDA625DE74630034F998 /* SceneDelegate.swift */,
				C4F9DDBD25DE75450034F998 /* View */,
				C4F9DDBC25DE75370034F998 /* Model */,
				C4F9DDBB25DE752F0034F998 /* Controller */,
				C4F9DDBE25DE75670034F998 /* Networking */,
				C478789A25DE986200648ABF /* Extensions */,
				C4F9DDB925DE74EA0034F998 /* Resources */,
				C4F9DDBA25DE75080034F998 /* Supporting Files */,
				C4F9DDB225DE74640034F998 /* Info.plist */,
			);
			path = CRUD;
			sourceTree = "<group>";
		};
		C4F9DDB925DE74EA0034F998 /* Resources */ = {
			isa = PBXGroup;
			children = (
				C4F9DDAD25DE74640034F998 /* Assets.xcassets */,
				C4F9DDAF25DE74640034F998 /* LaunchScreen.storyboard */,
			);
			path = Resources;
			sourceTree = "<group>";
		};
		C4F9DDBA25DE75080034F998 /* Supporting Files */ = {
			isa = PBXGroup;
			children = (
			);
			path = "Supporting Files";
			sourceTree = "<group>";
		};
		C4F9DDBB25DE752F0034F998 /* Controller */ = {
			isa = PBXGroup;
			children = (
			);
			path = Controller;
			sourceTree = "<group>";
		};
		C4F9DDBC25DE75370034F998 /* Model */ = {
			isa = PBXGroup;
			children = (
				C4BE833125DE8C8400180D60 /* Product.swift */,
				C47878AD25DF860600648ABF /* Company.swift */,
			);
			path = Model;
			sourceTree = "<group>";
		};
		C4F9DDBD25DE75450034F998 /* View */ = {
			isa = PBXGroup;
			children = (
				C4F9DDBF25DE76B30034F998 /* MainViewController.swift */,
				C4BE832D25DE8BD800180D60 /* TableViewCell */,
				C47878A825DF81CC00648ABF /* CollectionViewCell */,
			);
			path = View;
			sourceTree = "<group>";
		};
		C4F9DDBE25DE75670034F998 /* Networking */ = {
			isa = PBXGroup;
			children = (
			);
			path = Networking;
			sourceTree = "<group>";
		};
/* End PBXGroup section */

/* Begin PBXNativeTarget section */
		C4F9DDA025DE74630034F998 /* CRUD */ = {
			isa = PBXNativeTarget;
			buildConfigurationList = C4F9DDB525DE74640034F998 /* Build configuration list for PBXNativeTarget "CRUD" */;
			buildPhases = (
				C4F9DD9D25DE74630034F998 /* Sources */,
				C4F9DD9E25DE74630034F998 /* Frameworks */,
				C4F9DD9F25DE74630034F998 /* Resources */,
			);
			buildRules = (
			);
			dependencies = (
			);
			name = CRUD;
			productName = CRUD;
			productReference = C4F9DDA125DE74630034F998 /* CRUD.app */;
			productType = "com.apple.product-type.application";
		};
/* End PBXNativeTarget section */

/* Begin PBXProject section */
		C4F9DD9925DE74630034F998 /* Project object */ = {
			isa = PBXProject;
			attributes = {
				LastSwiftUpdateCheck = 1220;
				LastUpgradeCheck = 1220;
				TargetAttributes = {
					C4F9DDA025DE74630034F998 = {
						CreatedOnToolsVersion = 12.2;
					};
				};
			};
			buildConfigurationList = C4F9DD9C25DE74630034F998 /* Build configuration list for PBXProject "CRUD" */;
			compatibilityVersion = "Xcode 9.3";
			developmentRegion = en;
			hasScannedForEncodings = 0;
			knownRegions = (
				en,
				Base,
			);
			mainGroup = C4F9DD9825DE74630034F998;
			productRefGroup = C4F9DDA225DE74630034F998 /* Products */;
			projectDirPath = "";
			projectRoot = "";
			targets = (
				C4F9DDA025DE74630034F998 /* CRUD */,
			);
		};
/* End PBXProject section */

/* Begin PBXResourcesBuildPhase section */
		C4F9DD9F25DE74630034F998 /* Resources */ = {
			isa = PBXResourcesBuildPhase;
			buildActionMask = 2147483647;
			files = (
				C4F9DDB125DE74640034F998 /* LaunchScreen.storyboard in Resources */,
				C4F9DDAE25DE74640034F998 /* Assets.xcassets in Resources */,
			);
			runOnlyForDeploymentPostprocessing = 0;
		};
/* End PBXResourcesBuildPhase section */

/* Begin PBXSourcesBuildPhase section */
		C4F9DD9D25DE74630034F998 /* Sources */ = {
			isa = PBXSourcesBuildPhase;
			buildActionMask = 2147483647;
			files = (
				C4F9DDA525DE74630034F998 /* AppDelegate.swift in Sources */,
				C4F9DDA725DE74630034F998 /* SceneDelegate.swift in Sources */,
				C478789C25DE98A900648ABF /* UIView+Ext.swift in Sources */,
				C47878AA25DF821400648ABF /* CompanyCell.swift in Sources */,
				C4BE833225DE8C8400180D60 /* Product.swift in Sources */,
				C4F9DDC025DE76B30034F998 /* MainViewController.swift in Sources */,
				C4BE832F25DE8C0C00180D60 /* ProductCell.swift in Sources */,
				C47878AE25DF860600648ABF /* Company.swift in Sources */,
			);
			runOnlyForDeploymentPostprocessing = 0;
		};
/* End PBXSourcesBuildPhase section */

/* Begin PBXVariantGroup section */
		C4F9DDAF25DE74640034F998 /* LaunchScreen.storyboard */ = {
			isa = PBXVariantGroup;
			children = (
				C4F9DDB025DE74640034F998 /* Base */,
			);
			name = LaunchScreen.storyboard;
			sourceTree = "<group>";
		};
/* End PBXVariantGroup section */

/* Begin XCBuildConfiguration section */
		C4F9DDB325DE74640034F998 /* Debug */ = {
			isa = XCBuildConfiguration;
			buildSettings = {
				ALWAYS_SEARCH_USER_PATHS = NO;
				CLANG_ANALYZER_NONNULL = YES;
				CLANG_ANALYZER_NUMBER_OBJECT_CONVERSION = YES_AGGRESSIVE;
				CLANG_CXX_LANGUAGE_STANDARD = "gnu++14";
				CLANG_CXX_LIBRARY = "libc++";
				CLANG_ENABLE_MODULES = YES;
				CLANG_ENABLE_OBJC_ARC = YES;
				CLANG_ENABLE_OBJC_WEAK = YES;
				CLANG_WARN_BLOCK_CAPTURE_AUTORELEASING = YES;
				CLANG_WARN_BOOL_CONVERSION = YES;
				CLANG_WARN_COMMA = YES;
				CLANG_WARN_CONSTANT_CONVERSION = YES;
				CLANG_WARN_DEPRECATED_OBJC_IMPLEMENTATIONS = YES;
				CLANG_WARN_DIRECT_OBJC_ISA_USAGE = YES_ERROR;
				CLANG_WARN_DOCUMENTATION_COMMENTS = YES;
				CLANG_WARN_EMPTY_BODY = YES;
				CLANG_WARN_ENUM_CONVERSION = YES;
				CLANG_WARN_INFINITE_RECURSION = YES;
				CLANG_WARN_INT_CONVERSION = YES;
				CLANG_WARN_NON_LITERAL_NULL_CONVERSION = YES;
				CLANG_WARN_OBJC_IMPLICIT_RETAIN_SELF = YES;
				CLANG_WARN_OBJC_LITERAL_CONVERSION = YES;
				CLANG_WARN_OBJC_ROOT_CLASS = YES_ERROR;
				CLANG_WARN_QUOTED_INCLUDE_IN_FRAMEWORK_HEADER = YES;
				CLANG_WARN_RANGE_LOOP_ANALYSIS = YES;
				CLANG_WARN_STRICT_PROTOTYPES = YES;
				CLANG_WARN_SUSPICIOUS_MOVE = YES;
				CLANG_WARN_UNGUARDED_AVAILABILITY = YES_AGGRESSIVE;
				CLANG_WARN_UNREACHABLE_CODE = YES;
				CLANG_WARN__DUPLICATE_METHOD_MATCH = YES;
				COPY_PHASE_STRIP = NO;
				DEBUG_INFORMATION_FORMAT = dwarf;
				ENABLE_STRICT_OBJC_MSGSEND = YES;
				ENABLE_TESTABILITY = YES;
				GCC_C_LANGUAGE_STANDARD = gnu11;
				GCC_DYNAMIC_NO_PIC = NO;
				GCC_NO_COMMON_BLOCKS = YES;
				GCC_OPTIMIZATION_LEVEL = 0;
				GCC_PREPROCESSOR_DEFINITIONS = (
					"DEBUG=1",
					"$(inherited)",
				);
				GCC_WARN_64_TO_32_BIT_CONVERSION = YES;
				GCC_WARN_ABOUT_RETURN_TYPE = YES_ERROR;
				GCC_WARN_UNDECLARED_SELECTOR = YES;
				GCC_WARN_UNINITIALIZED_AUTOS = YES_AGGRESSIVE;
				GCC_WARN_UNUSED_FUNCTION = YES;
				GCC_WARN_UNUSED_VARIABLE = YES;
				IPHONEOS_DEPLOYMENT_TARGET = 14.2;
				MTL_ENABLE_DEBUG_INFO = INCLUDE_SOURCE;
				MTL_FAST_MATH = YES;
				ONLY_ACTIVE_ARCH = YES;
				SDKROOT = iphoneos;
				SWIFT_ACTIVE_COMPILATION_CONDITIONS = DEBUG;
				SWIFT_OPTIMIZATION_LEVEL = "-Onone";
			};
			name = Debug;
		};
		C4F9DDB425DE74640034F998 /* Release */ = {
			isa = XCBuildConfiguration;
			buildSettings = {
				ALWAYS_SEARCH_USER_PATHS = NO;
				CLANG_ANALYZER_NONNULL = YES;
				CLANG_ANALYZER_NUMBER_OBJECT_CONVERSION = YES_AGGRESSIVE;
				CLANG_CXX_LANGUAGE_STANDARD = "gnu++14";
				CLANG_CXX_LIBRARY = "libc++";
				CLANG_ENABLE_MODULES = YES;
				CLANG_ENABLE_OBJC_ARC = YES;
				CLANG_ENABLE_OBJC_WEAK = YES;
				CLANG_WARN_BLOCK_CAPTURE_AUTORELEASING = YES;
				CLANG_WARN_BOOL_CONVERSION = YES;
				CLANG_WARN_COMMA = YES;
				CLANG_WARN_CONSTANT_CONVERSION = YES;
				CLANG_WARN_DEPRECATED_OBJC_IMPLEMENTATIONS = YES;
				CLANG_WARN_DIRECT_OBJC_ISA_USAGE = YES_ERROR;
				CLANG_WARN_DOCUMENTATION_COMMENTS = YES;
				CLANG_WARN_EMPTY_BODY = YES;
				CLANG_WARN_ENUM_CONVERSION = YES;
				CLANG_WARN_INFINITE_RECURSION = YES;
				CLANG_WARN_INT_CONVERSION = YES;
				CLANG_WARN_NON_LITERAL_NULL_CONVERSION = YES;
				CLANG_WARN_OBJC_IMPLICIT_RETAIN_SELF = YES;
				CLANG_WARN_OBJC_LITERAL_CONVERSION = YES;
				CLANG_WARN_OBJC_ROOT_CLASS = YES_ERROR;
				CLANG_WARN_QUOTED_INCLUDE_IN_FRAMEWORK_HEADER = YES;
				CLANG_WARN_RANGE_LOOP_ANALYSIS = YES;
				CLANG_WARN_STRICT_PROTOTYPES = YES;
				CLANG_WARN_SUSPICIOUS_MOVE = YES;
				CLANG_WARN_UNGUARDED_AVAILABILITY = YES_AGGRESSIVE;
				CLANG_WARN_UNREACHABLE_CODE = YES;
				CLANG_WARN__DUPLICATE_METHOD_MATCH = YES;
				COPY_PHASE_STRIP = NO;
				DEBUG_INFORMATION_FORMAT = "dwarf-with-dsym";
				ENABLE_NS_ASSERTIONS = NO;
				ENABLE_STRICT_OBJC_MSGSEND = YES;
				GCC_C_LANGUAGE_STANDARD = gnu11;
				GCC_NO_COMMON_BLOCKS = YES;
				GCC_WARN_64_TO_32_BIT_CONVERSION = YES;
				GCC_WARN_ABOUT_RETURN_TYPE = YES_ERROR;
				GCC_WARN_UNDECLARED_SELECTOR = YES;
				GCC_WARN_UNINITIALIZED_AUTOS = YES_AGGRESSIVE;
				GCC_WARN_UNUSED_FUNCTION = YES;
				GCC_WARN_UNUSED_VARIABLE = YES;
				IPHONEOS_DEPLOYMENT_TARGET = 14.2;
				MTL_ENABLE_DEBUG_INFO = NO;
				MTL_FAST_MATH = YES;
				SDKROOT = iphoneos;
				SWIFT_COMPILATION_MODE = wholemodule;
				SWIFT_OPTIMIZATION_LEVEL = "-O";
				VALIDATE_PRODUCT = YES;
			};
			name = Release;
		};
		C4F9DDB625DE74640034F998 /* Debug */ = {
			isa = XCBuildConfiguration;
			buildSettings = {
				ASSETCATALOG_COMPILER_APPICON_NAME = AppIcon;
				ASSETCATALOG_COMPILER_GLOBAL_ACCENT_COLOR_NAME = AccentColor;
				CODE_SIGN_STYLE = Automatic;
				DEVELOPMENT_TEAM = HF45SX3EL4;
				INFOPLIST_FILE = CRUD/Info.plist;
				LD_RUNPATH_SEARCH_PATHS = (
					"$(inherited)",
					"@executable_path/Frameworks",
				);
				PRODUCT_BUNDLE_IDENTIFIER = com.rmznabb.CRUD;
				PRODUCT_NAME = "$(TARGET_NAME)";
				SWIFT_VERSION = 5.0;
				TARGETED_DEVICE_FAMILY = "1,2";
			};
			name = Debug;
		};
		C4F9DDB725DE74640034F998 /* Release */ = {
			isa = XCBuildConfiguration;
			buildSettings = {
				ASSETCATALOG_COMPILER_APPICON_NAME = AppIcon;
				ASSETCATALOG_COMPILER_GLOBAL_ACCENT_COLOR_NAME = AccentColor;
				CODE_SIGN_STYLE = Automatic;
				DEVELOPMENT_TEAM = HF45SX3EL4;
				INFOPLIST_FILE = CRUD/Info.plist;
				LD_RUNPATH_SEARCH_PATHS = (
					"$(inherited)",
					"@executable_path/Frameworks",
				);
				PRODUCT_BUNDLE_IDENTIFIER = com.rmznabb.CRUD;
				PRODUCT_NAME = "$(TARGET_NAME)";
				SWIFT_VERSION = 5.0;
				TARGETED_DEVICE_FAMILY = "1,2";
			};
			name = Release;
		};
/* End XCBuildConfiguration section */

/* Begin XCConfigurationList section */
		C4F9DD9C25DE74630034F998 /* Build configuration list for PBXProject "CRUD" */ = {
			isa = XCConfigurationList;
			buildConfigurations = (
				C4F9DDB325DE74640034F998 /* Debug */,
				C4F9DDB425DE74640034F998 /* Release */,
			);
			defaultConfigurationIsVisible = 0;
			defaultConfigurationName = Release;
		};
		C4F9DDB525DE74640034F998 /* Build configuration list for PBXNativeTarget "CRUD" */ = {
			isa = XCConfigurationList;
			buildConfigurations = (
				C4F9DDB625DE74640034F998 /* Debug */,
				C4F9DDB725DE74640034F998 /* Release */,
			);
			defaultConfigurationIsVisible = 0;
			defaultConfigurationName = Release;
		};
/* End XCConfigurationList section */
	};
	rootObject = C4F9DD9925DE74630034F998 /* Project object */;
}
